
Microsoft Visual Studio Solution File, Format Version 12.00
# Visual Studio Version 17
VisualStudioVersion = 17.8.34309.116
MinimumVisualStudioVersion = 10.0.40219.1
Project("{FAE04EC0-301F-11D3-BF4B-00C04F79EFBC}") = "gzme", "gzme.csproj", "{CCF58077-E386-4DC0-A2EA-3E3BB9175401}"
EndProject
Global
	GlobalSection(SolutionConfigurationPlatforms) = preSolution
		Debug|Any CPU = Debug|Any CPU
		Release|Any CPU = Release|Any CPU
	EndGlobalSection
	GlobalSection(ProjectConfigurationPlatforms) = postSolution
		{CCF58077-E386-4DC0-A2EA-3E3BB9175401}.Debug|Any CPU.ActiveCfg = Debug|Any CPU
		{CCF58077-E386-4DC0-A2EA-3E3BB9175401}.Debug|Any CPU.Build.0 = Debug|Any CPU
		{CCF58077-E386-4DC0-A2EA-3E3BB9175401}.Release|Any CPU.ActiveCfg = Release|Any CPU
		{CCF58077-E386-4DC0-A2EA-3E3BB9175401}.Release|Any CPU.Build.0 = Release|Any CPU
	EndGlobalSection
	GlobalSection(SolutionProperties) = preSolution
		HideSolutionNode = FALSE
	EndGlobalSection
	GlobalSection(ExtensibilityGlobals) = postSolution
		SolutionGuid = {55C849C1-1106-41DC-97EA-DB5C240365A7}
	EndGlobalSection
EndGlobal
